
Microsoft Visual Studio Solution File, Format Version 12.00
# Visual Studio Version 16
VisualStudioVersion = 16.0.29613.14
MinimumVisualStudioVersion = 10.0.40219.1
Project("{9A19103F-16F7-4668-BE54-9A1E7A4F7556}") = "XamarinDotNetCoreIssue", "XamarinDotNetCoreIssue\XamarinDotNetCoreIssue\XamarinDotNetCoreIssue.csproj", "{B69EB28D-CA4F-481E-AEFF-C94F2E4A4508}"
EndProject
Global
	GlobalSection(SolutionConfigurationPlatforms) = preSolution
		Debug|Any CPU = Debug|Any CPU
		Release|Any CPU = Release|Any CPU
	EndGlobalSection
	GlobalSection(ProjectConfigurationPlatforms) = postSolution
		{B69EB28D-CA4F-481E-AEFF-C94F2E4A4508}.Debug|Any CPU.ActiveCfg = Debug|Any CPU
		{B69EB28D-CA4F-481E-AEFF-C94F2E4A4508}.Debug|Any CPU.Build.0 = Debug|Any CPU
		{B69EB28D-CA4F-481E-AEFF-C94F2E4A4508}.Debug|Any CPU.Deploy.0 = Debug|Any CPU
		{B69EB28D-CA4F-481E-AEFF-C94F2E4A4508}.Release|Any CPU.ActiveCfg = Release|Any CPU
		{B69EB28D-CA4F-481E-AEFF-C94F2E4A4508}.Release|Any CPU.Build.0 = Release|Any CPU
		{B69EB28D-CA4F-481E-AEFF-C94F2E4A4508}.Release|Any CPU.Deploy.0 = Release|Any CPU
	EndGlobalSection
	GlobalSection(SolutionProperties) = preSolution
		HideSolutionNode = FALSE
	EndGlobalSection
	GlobalSection(ExtensibilityGlobals) = postSolution
		SolutionGuid = {DB0FA525-F4F2-4DD4-A789-EFB505F62331}
	EndGlobalSection
EndGlobal
